
Microsoft Visual Studio Solution File, Format Version 12.00
# Visual Studio Version 17
VisualStudioVersion = 17.4.33122.133
MinimumVisualStudioVersion = 10.0.40219.1
Project("{9A19103F-16F7-4668-BE54-9A1E7A4F7556}") = "Cpp2IL", "Cpp2IL\Cpp2IL.csproj", "{E8BA3E8E-3CDC-4562-AE61-CA48ECA270DE}"
EndProject
Project("{9A19103F-16F7-4668-BE54-9A1E7A4F7556}") = "LibCpp2IL", "LibCpp2IL\LibCpp2IL.csproj", "{7C9601B4-B53B-48CD-866F-DB908B3BF54D}"
EndProject
Project("{2150E333-8FDC-42A3-9474-1A3956D46DE8}") = "Solution Items", "Solution Items", "{46226B08-22BA-455E-8B99-F496E90EDCBC}"
	ProjectSection(SolutionItems) = preProject
		.editorconfig = .editorconfig
		.gitignore = .gitignore
		do-release.ps1 = do-release.ps1
		.github\workflows\dotnet-core.yml = .github\workflows\dotnet-core.yml
		.github\FUNDING.yml = .github\FUNDING.yml
		global.json = global.json
		LICENSE = LICENSE
		nuget.config = nuget.config
		README.md = README.md
		LibCpp2Il\README.md = LibCpp2Il\README.md
		Cpp2IL.Core\README_CORE.md = Cpp2IL.Core\README_CORE.md
	EndProjectSection
EndProject
Project("{9A19103F-16F7-4668-BE54-9A1E7A4F7556}") = "LibCpp2ILTests", "LibCpp2ILTests\LibCpp2ILTests.csproj", "{EB3CFC80-2125-48D2-AA2F-548F5AA58342}"
EndProject
Project("{9A19103F-16F7-4668-BE54-9A1E7A4F7556}") = "Cpp2IL.Core", "Cpp2IL.Core\Cpp2IL.Core.csproj", "{81509778-676E-4DC3-89FE-56BC5E37CCE6}"
EndProject
Project("{9A19103F-16F7-4668-BE54-9A1E7A4F7556}") = "WasmDisassembler", "WasmDisassembler\WasmDisassembler.csproj", "{D410F8FC-0853-403B-8017-2870745EDF5B}"
EndProject
Project("{9A19103F-16F7-4668-BE54-9A1E7A4F7556}") = "StableNameDotNet", "StableNameDotNet\StableNameDotNet.csproj", "{E5890928-8F71-4B74-8332-D5A6E75AF8C2}"
EndProject
Project("{9A19103F-16F7-4668-BE54-9A1E7A4F7556}") = "Cpp2IL.Plugin.BuildReport", "Cpp2IL.Plugin.BuildReport\Cpp2IL.Plugin.BuildReport.csproj", "{E4E1E12D-3F51-422C-8FBB-26B36C9F1FA5}"
EndProject
Project("{9A19103F-16F7-4668-BE54-9A1E7A4F7556}") = "Cpp2IL.Plugin.OrbisPkg", "Cpp2IL.Plugin.OrbisPkg\Cpp2IL.Plugin.OrbisPkg.csproj", "{A621899A-564D-4CD0-97AC-097EBABA5ACD}"
EndProject
Project("{2150E333-8FDC-42A3-9474-1A3956D46DE8}") = "Docs", "Docs", "{51C7C919-3561-4630-827C-7FF8173AF665}"
	ProjectSection(SolutionItems) = preProject
		docs\CallAnalyzer.md = docs\CallAnalyzer.md
	EndProjectSection
EndProject
Project("{9A19103F-16F7-4668-BE54-9A1E7A4F7556}") = "Cpp2IL.Core.Tests", "Cpp2IL.Core.Tests\Cpp2IL.Core.Tests.csproj", "{9DA1EAC8-05D8-4CB6-80D6-AB6C304DF834}"
EndProject
Project("{9A19103F-16F7-4668-BE54-9A1E7A4F7556}") = "Cpp2IL.Plugin.StrippedCodeRegSupport", "Cpp2IL.Plugin.StrippedCodeRegSupport\Cpp2IL.Plugin.StrippedCodeRegSupport.csproj", "{B2425628-0D69-44FA-AD34-997595512785}"
EndProject
Project("{FAE04EC0-301F-11D3-BF4B-00C04F79EFBC}") = "Cpp2IL.Plugin.ControlFlowGraph", "Cpp2IL.Plugin.ControlFlowGraph\Cpp2IL.Plugin.ControlFlowGraph.csproj", "{29683659-D4B0-444B-8D35-F35309535EE6}"
EndProject
Project("{FAE04EC0-301F-11D3-BF4B-00C04F79EFBC}") = "Cpp2IL.Plugin.Pdb", "Cpp2IL.Plugin.Pdb\Cpp2IL.Plugin.Pdb.csproj", "{ED407C97-534B-476C-8CCC-BF9D2FB5458A}"
EndProject
Global
	GlobalSection(SolutionConfigurationPlatforms) = preSolution
		Debug|Any CPU = Debug|Any CPU
		Release|Any CPU = Release|Any CPU
	EndGlobalSection
	GlobalSection(ProjectConfigurationPlatforms) = postSolution
		{E8BA3E8E-3CDC-4562-AE61-CA48ECA270DE}.Debug|Any CPU.ActiveCfg = Debug|Any CPU
		{E8BA3E8E-3CDC-4562-AE61-CA48ECA270DE}.Debug|Any CPU.Build.0 = Debug|Any CPU
		{E8BA3E8E-3CDC-4562-AE61-CA48ECA270DE}.Release|Any CPU.ActiveCfg = Release|Any CPU
		{E8BA3E8E-3CDC-4562-AE61-CA48ECA270DE}.Release|Any CPU.Build.0 = Release|Any CPU
		{7C9601B4-B53B-48CD-866F-DB908B3BF54D}.Debug|Any CPU.ActiveCfg = Debug|Any CPU
		{7C9601B4-B53B-48CD-866F-DB908B3BF54D}.Debug|Any CPU.Build.0 = Debug|Any CPU
		{7C9601B4-B53B-48CD-866F-DB908B3BF54D}.Release|Any CPU.ActiveCfg = Release|Any CPU
		{7C9601B4-B53B-48CD-866F-DB908B3BF54D}.Release|Any CPU.Build.0 = Release|Any CPU
		{EB3CFC80-2125-48D2-AA2F-548F5AA58342}.Debug|Any CPU.ActiveCfg = Debug|Any CPU
		{EB3CFC80-2125-48D2-AA2F-548F5AA58342}.Debug|Any CPU.Build.0 = Debug|Any CPU
		{EB3CFC80-2125-48D2-AA2F-548F5AA58342}.Release|Any CPU.ActiveCfg = Release|Any CPU
		{EB3CFC80-2125-48D2-AA2F-548F5AA58342}.Release|Any CPU.Build.0 = Release|Any CPU
		{81509778-676E-4DC3-89FE-56BC5E37CCE6}.Debug|Any CPU.ActiveCfg = Debug|Any CPU
		{81509778-676E-4DC3-89FE-56BC5E37CCE6}.Debug|Any CPU.Build.0 = Debug|Any CPU
		{81509778-676E-4DC3-89FE-56BC5E37CCE6}.Release|Any CPU.ActiveCfg = Release|Any CPU
		{81509778-676E-4DC3-89FE-56BC5E37CCE6}.Release|Any CPU.Build.0 = Release|Any CPU
		{D410F8FC-0853-403B-8017-2870745EDF5B}.Debug|Any CPU.ActiveCfg = Debug|Any CPU
		{D410F8FC-0853-403B-8017-2870745EDF5B}.Debug|Any CPU.Build.0 = Debug|Any CPU
		{D410F8FC-0853-403B-8017-2870745EDF5B}.Release|Any CPU.ActiveCfg = Release|Any CPU
		{D410F8FC-0853-403B-8017-2870745EDF5B}.Release|Any CPU.Build.0 = Release|Any CPU
		{E5890928-8F71-4B74-8332-D5A6E75AF8C2}.Debug|Any CPU.ActiveCfg = Debug|Any CPU
		{E5890928-8F71-4B74-8332-D5A6E75AF8C2}.Debug|Any CPU.Build.0 = Debug|Any CPU
		{E5890928-8F71-4B74-8332-D5A6E75AF8C2}.Release|Any CPU.ActiveCfg = Release|Any CPU
		{E5890928-8F71-4B74-8332-D5A6E75AF8C2}.Release|Any CPU.Build.0 = Release|Any CPU
		{E4E1E12D-3F51-422C-8FBB-26B36C9F1FA5}.Debug|Any CPU.ActiveCfg = Debug|Any CPU
		{E4E1E12D-3F51-422C-8FBB-26B36C9F1FA5}.Debug|Any CPU.Build.0 = Debug|Any CPU
		{E4E1E12D-3F51-422C-8FBB-26B36C9F1FA5}.Release|Any CPU.ActiveCfg = Release|Any CPU
		{E4E1E12D-3F51-422C-8FBB-26B36C9F1FA5}.Release|Any CPU.Build.0 = Release|Any CPU
		{A621899A-564D-4CD0-97AC-097EBABA5ACD}.Debug|Any CPU.ActiveCfg = Debug|Any CPU
		{A621899A-564D-4CD0-97AC-097EBABA5ACD}.Debug|Any CPU.Build.0 = Debug|Any CPU
		{A621899A-564D-4CD0-97AC-097EBABA5ACD}.Release|Any CPU.ActiveCfg = Release|Any CPU
		{A621899A-564D-4CD0-97AC-097EBABA5ACD}.Release|Any CPU.Build.0 = Release|Any CPU
		{9DA1EAC8-05D8-4CB6-80D6-AB6C304DF834}.Debug|Any CPU.ActiveCfg = Debug|Any CPU
		{9DA1EAC8-05D8-4CB6-80D6-AB6C304DF834}.Debug|Any CPU.Build.0 = Debug|Any CPU
		{9DA1EAC8-05D8-4CB6-80D6-AB6C304DF834}.Release|Any CPU.ActiveCfg = Release|Any CPU
		{9DA1EAC8-05D8-4CB6-80D6-AB6C304DF834}.Release|Any CPU.Build.0 = Release|Any CPU
		{B2425628-0D69-44FA-AD34-997595512785}.Debug|Any CPU.ActiveCfg = Debug|Any CPU
		{B2425628-0D69-44FA-AD34-997595512785}.Debug|Any CPU.Build.0 = Debug|Any CPU
		{B2425628-0D69-44FA-AD34-997595512785}.Release|Any CPU.ActiveCfg = Release|Any CPU
		{B2425628-0D69-44FA-AD34-997595512785}.Release|Any CPU.Build.0 = Release|Any CPU
		{29683659-D4B0-444B-8D35-F35309535EE6}.Debug|Any CPU.ActiveCfg = Debug|Any CPU
		{29683659-D4B0-444B-8D35-F35309535EE6}.Debug|Any CPU.Build.0 = Debug|Any CPU
		{29683659-D4B0-444B-8D35-F35309535EE6}.Release|Any CPU.ActiveCfg = Release|Any CPU
		{29683659-D4B0-444B-8D35-F35309535EE6}.Release|Any CPU.Build.0 = Release|Any CPU
		{ED407C97-534B-476C-8CCC-BF9D2FB5458A}.Debug|Any CPU.ActiveCfg = Debug|Any CPU
		{ED407C97-534B-476C-8CCC-BF9D2FB5458A}.Debug|Any CPU.Build.0 = Debug|Any CPU
		{ED407C97-534B-476C-8CCC-BF9D2FB5458A}.Release|Any CPU.ActiveCfg = Release|Any CPU
		{ED407C97-534B-476C-8CCC-BF9D2FB5458A}.Release|Any CPU.Build.0 = Release|Any CPU
	EndGlobalSection
	GlobalSection(SolutionProperties) = preSolution
		HideSolutionNode = FALSE
	EndGlobalSection
	GlobalSection(NestedProjects) = preSolution
		{51C7C919-3561-4630-827C-7FF8173AF665} = {46226B08-22BA-455E-8B99-F496E90EDCBC}
	EndGlobalSection
	GlobalSection(ExtensibilityGlobals) = postSolution
		SolutionGuid = {E9A45B2C-AAEF-4D66-ADD6-7DD234DA3F39}
	EndGlobalSection
EndGlobal
